
Microsoft Visual Studio Solution File, Format Version 12.00
# Visual Studio Version 16
VisualStudioVersion = 16.0.29905.134
MinimumVisualStudioVersion = 10.0.40219.1
Project("{FAE04EC0-301F-11D3-BF4B-00C04F79EFBC}") = "TestTaskAngularTimer.V2.VSproject", "TestTaskAngularTimer.V2.VSproject.csproj", "{B25CE7AF-DC88-4F85-AB3C-76F99EDE3FB1}"
EndProject
Global
	GlobalSection(SolutionConfigurationPlatforms) = preSolution
		Debug|Any CPU = Debug|Any CPU
		Release|Any CPU = Release|Any CPU
	EndGlobalSection
	GlobalSection(ProjectConfigurationPlatforms) = postSolution
		{B25CE7AF-DC88-4F85-AB3C-76F99EDE3FB1}.Debug|Any CPU.ActiveCfg = Debug|Any CPU
		{B25CE7AF-DC88-4F85-AB3C-76F99EDE3FB1}.Debug|Any CPU.Build.0 = Debug|Any CPU
		{B25CE7AF-DC88-4F85-AB3C-76F99EDE3FB1}.Release|Any CPU.ActiveCfg = Release|Any CPU
		{B25CE7AF-DC88-4F85-AB3C-76F99EDE3FB1}.Release|Any CPU.Build.0 = Release|Any CPU
	EndGlobalSection
	GlobalSection(SolutionProperties) = preSolution
		HideSolutionNode = FALSE
	EndGlobalSection
	GlobalSection(ExtensibilityGlobals) = postSolution
		SolutionGuid = {51406716-D59F-40E2-A10C-007EA82CB583}
	EndGlobalSection
EndGlobal
